{
  "nodes": {
    "fuckingnode": {
      "inputs": {
        "nixpkgs": "nixpkgs"
      },
      "locked": {
        "lastModified": 1741799852,
        "narHash": "sha256-65GBtl4C/yKDA4mAWikpP5KHX232aLF42EGO8ieG9DY=",
        "owner": "ZakaHaceCosas",
        "repo": "FuckingNode",
        "rev": "eaca1d9c071bee89415bd2418bffd023e1b6c9a5",
        "type": "github"
      },
      "original": {
        "owner": "ZakaHaceCosas",
        "repo": "FuckingNode",
        "type": "github"
      }
    },
    "home-manager": {
      "inputs": {
        "nixpkgs": [
          "nixpkgs"
        ]
      },
      "locked": {
        "lastModified": 1742243099,
        "narHash": "sha256-23Jja3FSzRkfJpCVfYxIxurEvLlaJFtJgodjD3+efzM=",
        "owner": "nix-community",
        "repo": "home-manager",
        "rev": "b870fb2d62ee0deb657951f83e8689143dce98c8",
        "type": "github"
      },
      "original": {
        "owner": "nix-community",
        "repo": "home-manager",
        "type": "github"
      }
    },
    "nix-flatpak": {
      "locked": {
        "lastModified": 1739444422,
        "narHash": "sha256-iAVVHi7X3kWORftY+LVbRiStRnQEob2TULWyjMS6dWg=",
        "owner": "gmodena",
        "repo": "nix-flatpak",
        "rev": "5e54c3ca05a7c7d968ae1ddeabe01d2a9bc1e177",
        "type": "github"
      },
      "original": {
        "owner": "gmodena",
        "ref": "latest",
        "repo": "nix-flatpak",
        "type": "github"
      }
    },
    "nixpkgs": {
      "locked": {
        "lastModified": 1734649271,
        "narHash": "sha256-4EVBRhOjMDuGtMaofAIqzJbg4Ql7Ai0PSeuVZTHjyKQ=",
        "owner": "nixos",
        "repo": "nixpkgs",
        "rev": "d70bd19e0a38ad4790d3913bf08fcbfc9eeca507",
        "type": "github"
      },
      "original": {
        "owner": "nixos",
        "ref": "nixos-unstable",
        "repo": "nixpkgs",
        "type": "github"
      }
    },
    "nixpkgs_2": {
      "locked": {
        "lastModified": 1742069588,
        "narHash": "sha256-C7jVfohcGzdZRF6DO+ybyG/sqpo1h6bZi9T56sxLy+k=",
        "owner": "nixos",
        "repo": "nixpkgs",
        "rev": "c80f6a7e10b39afcc1894e02ef785b1ad0b0d7e5",
        "type": "github"
      },
      "original": {
        "owner": "nixos",
        "ref": "nixos-unstable",
        "repo": "nixpkgs",
        "type": "github"
      }
    },
    "root": {
      "inputs": {
        "fuckingnode": "fuckingnode",
        "home-manager": "home-manager",
        "nix-flatpak": "nix-flatpak",
        "nixpkgs": "nixpkgs_2",
        "spicetify-nix": "spicetify-nix",
        "zen-browser": "zen-browser"
      }
    },
    "spicetify-nix": {
      "inputs": {
        "nixpkgs": [
          "nixpkgs"
        ],
        "systems": "systems"
      },
      "locked": {
        "lastModified": 1742098581,
        "narHash": "sha256-c8pnJi/Y8+whPi5aOs5qKshfh4vvRUqczaJIOc6Xdv8=",
        "owner": "Gerg-L",
        "repo": "spicetify-nix",
        "rev": "4b285681a73e73c4f961fb69163c0daa36a18d30",
        "type": "github"
      },
      "original": {
        "owner": "Gerg-L",
        "repo": "spicetify-nix",
        "type": "github"
      }
    },
    "systems": {
      "locked": {
        "lastModified": 1681028828,
        "narHash": "sha256-Vy1rq5AaRuLzOxct8nz4T6wlgyUR7zLU309k9mBC768=",
        "owner": "nix-systems",
        "repo": "default",
        "rev": "da67096a3b9bf56a91d16901293e51ba5b49a27e",
        "type": "github"
      },
      "original": {
        "owner": "nix-systems",
        "repo": "default",
        "type": "github"
      }
    },
    "zen-browser": {
      "inputs": {
        "nixpkgs": [
          "nixpkgs"
        ]
      },
      "locked": {
        "lastModified": 1742239259,
        "narHash": "sha256-khFVyLv9bjmWS5wKxgRqR0T/8b+5YUcOKKQc8cSIaZs=",
        "owner": "0xc000022070",
        "repo": "zen-browser-flake",
        "rev": "047d2684da0cf2d1a1db02eece61c90ce9dda32b",
        "type": "github"
      },
      "original": {
        "owner": "0xc000022070",
        "repo": "zen-browser-flake",
        "type": "github"
      }
    }
  },
  "root": "root",
  "version": 7
}
